
Microsoft Visual Studio Solution File, Format Version 12.00
# Visual Studio Version 16
VisualStudioVersion = 16.0.29201.188
MinimumVisualStudioVersion = 10.0.40219.1
Project("{8BC9CEB8-8B4A-11D0-8D11-00A0C91BC942}") = "1026번 보물", "1026번 보물\1026번 보물.vcxproj", "{888E46E1-DF51-4416-AFDA-3C392B03EEBF}"
EndProject
Global
	GlobalSection(SolutionConfigurationPlatforms) = preSolution
		Debug|x64 = Debug|x64
		Debug|x86 = Debug|x86
		Release|x64 = Release|x64
		Release|x86 = Release|x86
	EndGlobalSection
	GlobalSection(ProjectConfigurationPlatforms) = postSolution
		{888E46E1-DF51-4416-AFDA-3C392B03EEBF}.Debug|x64.ActiveCfg = Debug|x64
		{888E46E1-DF51-4416-AFDA-3C392B03EEBF}.Debug|x64.Build.0 = Debug|x64
		{888E46E1-DF51-4416-AFDA-3C392B03EEBF}.Debug|x86.ActiveCfg = Debug|Win32
		{888E46E1-DF51-4416-AFDA-3C392B03EEBF}.Debug|x86.Build.0 = Debug|Win32
		{888E46E1-DF51-4416-AFDA-3C392B03EEBF}.Release|x64.ActiveCfg = Release|x64
		{888E46E1-DF51-4416-AFDA-3C392B03EEBF}.Release|x64.Build.0 = Release|x64
		{888E46E1-DF51-4416-AFDA-3C392B03EEBF}.Release|x86.ActiveCfg = Release|Win32
		{888E46E1-DF51-4416-AFDA-3C392B03EEBF}.Release|x86.Build.0 = Release|Win32
	EndGlobalSection
	GlobalSection(SolutionProperties) = preSolution
		HideSolutionNode = FALSE
	EndGlobalSection
	GlobalSection(ExtensibilityGlobals) = postSolution
		SolutionGuid = {05DA030D-E31D-402A-AA02-738188D61A93}
	EndGlobalSection
EndGlobal
