
Microsoft Visual Studio Solution File, Format Version 12.00
# Visual Studio Version 16
VisualStudioVersion = 16.0.29201.188
MinimumVisualStudioVersion = 10.0.40219.1
Project("{8BC9CEB8-8B4A-11D0-8D11-00A0C91BC942}") = "1032 명령 프롬프트", "1032 명령 프롬프트\1032 명령 프롬프트.vcxproj", "{970FCC15-0203-497C-81D6-D482BB1893CA}"
EndProject
Global
	GlobalSection(SolutionConfigurationPlatforms) = preSolution
		Debug|x64 = Debug|x64
		Debug|x86 = Debug|x86
		Release|x64 = Release|x64
		Release|x86 = Release|x86
	EndGlobalSection
	GlobalSection(ProjectConfigurationPlatforms) = postSolution
		{970FCC15-0203-497C-81D6-D482BB1893CA}.Debug|x64.ActiveCfg = Debug|x64
		{970FCC15-0203-497C-81D6-D482BB1893CA}.Debug|x64.Build.0 = Debug|x64
		{970FCC15-0203-497C-81D6-D482BB1893CA}.Debug|x86.ActiveCfg = Debug|Win32
		{970FCC15-0203-497C-81D6-D482BB1893CA}.Debug|x86.Build.0 = Debug|Win32
		{970FCC15-0203-497C-81D6-D482BB1893CA}.Release|x64.ActiveCfg = Release|x64
		{970FCC15-0203-497C-81D6-D482BB1893CA}.Release|x64.Build.0 = Release|x64
		{970FCC15-0203-497C-81D6-D482BB1893CA}.Release|x86.ActiveCfg = Release|Win32
		{970FCC15-0203-497C-81D6-D482BB1893CA}.Release|x86.Build.0 = Release|Win32
	EndGlobalSection
	GlobalSection(SolutionProperties) = preSolution
		HideSolutionNode = FALSE
	EndGlobalSection
	GlobalSection(ExtensibilityGlobals) = postSolution
		SolutionGuid = {099D03A8-6292-4463-AFD8-103FBCEE671E}
	EndGlobalSection
EndGlobal
