
Microsoft Visual Studio Solution File, Format Version 12.00
# Visual Studio Version 16
VisualStudioVersion = 16.0.29201.188
MinimumVisualStudioVersion = 10.0.40219.1
Project("{8BC9CEB8-8B4A-11D0-8D11-00A0C91BC942}") = "10163번 색종이", "10163번 색종이\10163번 색종이.vcxproj", "{999EBCD8-DFC8-417D-BA8E-A2F2647DD276}"
EndProject
Global
	GlobalSection(SolutionConfigurationPlatforms) = preSolution
		Debug|x64 = Debug|x64
		Debug|x86 = Debug|x86
		Release|x64 = Release|x64
		Release|x86 = Release|x86
	EndGlobalSection
	GlobalSection(ProjectConfigurationPlatforms) = postSolution
		{999EBCD8-DFC8-417D-BA8E-A2F2647DD276}.Debug|x64.ActiveCfg = Debug|x64
		{999EBCD8-DFC8-417D-BA8E-A2F2647DD276}.Debug|x64.Build.0 = Debug|x64
		{999EBCD8-DFC8-417D-BA8E-A2F2647DD276}.Debug|x86.ActiveCfg = Debug|Win32
		{999EBCD8-DFC8-417D-BA8E-A2F2647DD276}.Debug|x86.Build.0 = Debug|Win32
		{999EBCD8-DFC8-417D-BA8E-A2F2647DD276}.Release|x64.ActiveCfg = Release|x64
		{999EBCD8-DFC8-417D-BA8E-A2F2647DD276}.Release|x64.Build.0 = Release|x64
		{999EBCD8-DFC8-417D-BA8E-A2F2647DD276}.Release|x86.ActiveCfg = Release|Win32
		{999EBCD8-DFC8-417D-BA8E-A2F2647DD276}.Release|x86.Build.0 = Release|Win32
	EndGlobalSection
	GlobalSection(SolutionProperties) = preSolution
		HideSolutionNode = FALSE
	EndGlobalSection
	GlobalSection(ExtensibilityGlobals) = postSolution
		SolutionGuid = {CF3F6D25-699C-4F88-AEFD-EDFB79840DE8}
	EndGlobalSection
EndGlobal
