
Microsoft Visual Studio Solution File, Format Version 12.00
# Visual Studio Version 16
VisualStudioVersion = 16.0.29201.188
MinimumVisualStudioVersion = 10.0.40219.1
Project("{8BC9CEB8-8B4A-11D0-8D11-00A0C91BC942}") = "11656 접미사 배열", "11656 접미사 배열\11656 접미사 배열.vcxproj", "{79F72CA8-6532-4E35-BEC2-C27590F2DB29}"
EndProject
Global
	GlobalSection(SolutionConfigurationPlatforms) = preSolution
		Debug|x64 = Debug|x64
		Debug|x86 = Debug|x86
		Release|x64 = Release|x64
		Release|x86 = Release|x86
	EndGlobalSection
	GlobalSection(ProjectConfigurationPlatforms) = postSolution
		{79F72CA8-6532-4E35-BEC2-C27590F2DB29}.Debug|x64.ActiveCfg = Debug|x64
		{79F72CA8-6532-4E35-BEC2-C27590F2DB29}.Debug|x64.Build.0 = Debug|x64
		{79F72CA8-6532-4E35-BEC2-C27590F2DB29}.Debug|x86.ActiveCfg = Debug|Win32
		{79F72CA8-6532-4E35-BEC2-C27590F2DB29}.Debug|x86.Build.0 = Debug|Win32
		{79F72CA8-6532-4E35-BEC2-C27590F2DB29}.Release|x64.ActiveCfg = Release|x64
		{79F72CA8-6532-4E35-BEC2-C27590F2DB29}.Release|x64.Build.0 = Release|x64
		{79F72CA8-6532-4E35-BEC2-C27590F2DB29}.Release|x86.ActiveCfg = Release|Win32
		{79F72CA8-6532-4E35-BEC2-C27590F2DB29}.Release|x86.Build.0 = Release|Win32
	EndGlobalSection
	GlobalSection(SolutionProperties) = preSolution
		HideSolutionNode = FALSE
	EndGlobalSection
	GlobalSection(ExtensibilityGlobals) = postSolution
		SolutionGuid = {8746781F-5477-400A-8BC9-70FEE2663614}
	EndGlobalSection
EndGlobal
