
Microsoft Visual Studio Solution File, Format Version 12.00
# Visual Studio Version 16
VisualStudioVersion = 16.0.29201.188
MinimumVisualStudioVersion = 10.0.40219.1
Project("{8BC9CEB8-8B4A-11D0-8D11-00A0C91BC942}") = "퀵소트", "퀵소트\퀵소트.vcxproj", "{B20A9BF4-37ED-44E8-B29E-44340BBA3483}"
EndProject
Global
	GlobalSection(SolutionConfigurationPlatforms) = preSolution
		Debug|x64 = Debug|x64
		Debug|x86 = Debug|x86
		Release|x64 = Release|x64
		Release|x86 = Release|x86
	EndGlobalSection
	GlobalSection(ProjectConfigurationPlatforms) = postSolution
		{B20A9BF4-37ED-44E8-B29E-44340BBA3483}.Debug|x64.ActiveCfg = Debug|x64
		{B20A9BF4-37ED-44E8-B29E-44340BBA3483}.Debug|x64.Build.0 = Debug|x64
		{B20A9BF4-37ED-44E8-B29E-44340BBA3483}.Debug|x86.ActiveCfg = Debug|Win32
		{B20A9BF4-37ED-44E8-B29E-44340BBA3483}.Debug|x86.Build.0 = Debug|Win32
		{B20A9BF4-37ED-44E8-B29E-44340BBA3483}.Release|x64.ActiveCfg = Release|x64
		{B20A9BF4-37ED-44E8-B29E-44340BBA3483}.Release|x64.Build.0 = Release|x64
		{B20A9BF4-37ED-44E8-B29E-44340BBA3483}.Release|x86.ActiveCfg = Release|Win32
		{B20A9BF4-37ED-44E8-B29E-44340BBA3483}.Release|x86.Build.0 = Release|Win32
	EndGlobalSection
	GlobalSection(SolutionProperties) = preSolution
		HideSolutionNode = FALSE
	EndGlobalSection
	GlobalSection(ExtensibilityGlobals) = postSolution
		SolutionGuid = {72747467-6549-4C54-9A36-51D4665027B8}
	EndGlobalSection
EndGlobal
