
Microsoft Visual Studio Solution File, Format Version 12.00
# Visual Studio Version 16
VisualStudioVersion = 16.0.29201.188
MinimumVisualStudioVersion = 10.0.40219.1
Project("{8BC9CEB8-8B4A-11D0-8D11-00A0C91BC942}") = "1197번 최소 스패닝 트리", "1197번 최소 스패닝 트리\1197번 최소 스패닝 트리.vcxproj", "{6A3DA4B4-E21D-4D9A-8446-E3D45CBC9522}"
EndProject
Global
	GlobalSection(SolutionConfigurationPlatforms) = preSolution
		Debug|x64 = Debug|x64
		Debug|x86 = Debug|x86
		Release|x64 = Release|x64
		Release|x86 = Release|x86
	EndGlobalSection
	GlobalSection(ProjectConfigurationPlatforms) = postSolution
		{6A3DA4B4-E21D-4D9A-8446-E3D45CBC9522}.Debug|x64.ActiveCfg = Debug|x64
		{6A3DA4B4-E21D-4D9A-8446-E3D45CBC9522}.Debug|x64.Build.0 = Debug|x64
		{6A3DA4B4-E21D-4D9A-8446-E3D45CBC9522}.Debug|x86.ActiveCfg = Debug|Win32
		{6A3DA4B4-E21D-4D9A-8446-E3D45CBC9522}.Debug|x86.Build.0 = Debug|Win32
		{6A3DA4B4-E21D-4D9A-8446-E3D45CBC9522}.Release|x64.ActiveCfg = Release|x64
		{6A3DA4B4-E21D-4D9A-8446-E3D45CBC9522}.Release|x64.Build.0 = Release|x64
		{6A3DA4B4-E21D-4D9A-8446-E3D45CBC9522}.Release|x86.ActiveCfg = Release|Win32
		{6A3DA4B4-E21D-4D9A-8446-E3D45CBC9522}.Release|x86.Build.0 = Release|Win32
	EndGlobalSection
	GlobalSection(SolutionProperties) = preSolution
		HideSolutionNode = FALSE
	EndGlobalSection
	GlobalSection(ExtensibilityGlobals) = postSolution
		SolutionGuid = {8E0B8068-3DF0-4EC6-9020-CB4359FB1B17}
	EndGlobalSection
EndGlobal
